// !$*UTF8*$!
{
	archiveVersion = 1;
	classes = {
	};
	objectVersion = 50;
	objects = {

/* Begin PBXBuildFile section */
		5707BCE9214735B40005D3BC /* AppDelegate.swift in Sources */ = {isa = PBXBuildFile; fileRef = 5707BCE8214735B40005D3BC /* AppDelegate.swift */; };
		5707BCEE214735B40005D3BC /* Main.storyboard in Resources */ = {isa = PBXBuildFile; fileRef = 5707BCEC214735B40005D3BC /* Main.storyboard */; };
		5707BCF0214735B50005D3BC /* Assets.xcassets in Resources */ = {isa = PBXBuildFile; fileRef = 5707BCEF214735B50005D3BC /* Assets.xcassets */; };
		5707BCF3214735B50005D3BC /* LaunchScreen.storyboard in Resources */ = {isa = PBXBuildFile; fileRef = 5707BCF1214735B50005D3BC /* LaunchScreen.storyboard */; };
		570FE53C21498DF1009B2ACC /* InfiniteScrollActivityView.swift in Sources */ = {isa = PBXBuildFile; fileRef = 570FE53B21498DF1009B2ACC /* InfiniteScrollActivityView.swift */; };
		57152592214DFC5100FCE195 /* MapViewController.swift in Sources */ = {isa = PBXBuildFile; fileRef = 57152591214DFC5100FCE195 /* MapViewController.swift */; };
		57152594214E19C700FCE195 /* BusinessDetailViewController.swift in Sources */ = {isa = PBXBuildFile; fileRef = 57152593214E19C700FCE195 /* BusinessDetailViewController.swift */; };
		571CE1B8214EC63F00656B88 /* BusinessReview.swift in Sources */ = {isa = PBXBuildFile; fileRef = 571CE1B7214EC63F00656B88 /* BusinessReview.swift */; };
		5730025921479D25001F8E22 /* BusinessCell.swift in Sources */ = {isa = PBXBuildFile; fileRef = 5730025821479D25001F8E22 /* BusinessCell.swift */; };
		57FC0F24214736BE005DA84C /* BusinessesViewController.swift in Sources */ = {isa = PBXBuildFile; fileRef = 57FC0F23214736BE005DA84C /* BusinessesViewController.swift */; };
		57FC0F26214739EF005DA84C /* APIKeysSample.swift in Sources */ = {isa = PBXBuildFile; fileRef = 57FC0F25214739EF005DA84C /* APIKeysSample.swift */; };
		57FC0F2821473A08005DA84C /* APIKeys.swift in Sources */ = {isa = PBXBuildFile; fileRef = 57FC0F2721473A08005DA84C /* APIKeys.swift */; };
		57FC0F2B21473F33005DA84C /* Business.swift in Sources */ = {isa = PBXBuildFile; fileRef = 57FC0F2A21473F33005DA84C /* Business.swift */; };
		9EF82EAE5CA5F33803C5501B /* Pods_Yelp.framework in Frameworks */ = {isa = PBXBuildFile; fileRef = ABBB233BFED7461594C1AD9F /* Pods_Yelp.framework */; };
/* End PBXBuildFile section */

/* Begin PBXFileReference section */
		12923B299E510DC67F12F73D /* Pods-Yelp.release.xcconfig */ = {isa = PBXFileReference; includeInIndex = 1; lastKnownFileType = text.xcconfig; name = "Pods-Yelp.release.xcconfig"; path = "Pods/Target Support Files/Pods-Yelp/Pods-Yelp.release.xcconfig"; sourceTree = "<group>"; };
		5707BCE5214735B40005D3BC /* Yelp.app */ = {isa = PBXFileReference; explicitFileType = wrapper.application; includeInIndex = 0; path = Yelp.app; sourceTree = BUILT_PRODUCTS_DIR; };
		5707BCE8214735B40005D3BC /* AppDelegate.swift */ = {isa = PBXFileReference; lastKnownFileType = sourcecode.swift; path = AppDelegate.swift; sourceTree = "<group>"; };
		5707BCED214735B40005D3BC /* Base */ = {isa = PBXFileReference; lastKnownFileType = file.storyboard; name = Base; path = Base.lproj/Main.storyboard; sourceTree = "<group>"; };
		5707BCEF214735B50005D3BC /* Assets.xcassets */ = {isa = PBXFileReference; lastKnownFileType = folder.assetcatalog; path = Assets.xcassets; sourceTree = "<group>"; };
		5707BCF2214735B50005D3BC /* Base */ = {isa = PBXFileReference; lastKnownFileType = file.storyboard; name = Base; path = Base.lproj/LaunchScreen.storyboard; sourceTree = "<group>"; };
		5707BCF4214735B50005D3BC /* Info.plist */ = {isa = PBXFileReference; lastKnownFileType = text.plist.xml; path = Info.plist; sourceTree = "<group>"; };
		570FE53B21498DF1009B2ACC /* InfiniteScrollActivityView.swift */ = {isa = PBXFileReference; lastKnownFileType = sourcecode.swift; path = InfiniteScrollActivityView.swift; sourceTree = "<group>"; };
		57152591214DFC5100FCE195 /* MapViewController.swift */ = {isa = PBXFileReference; lastKnownFileType = sourcecode.swift; path = MapViewController.swift; sourceTree = "<group>"; };
		57152593214E19C700FCE195 /* BusinessDetailViewController.swift */ = {isa = PBXFileReference; lastKnownFileType = sourcecode.swift; path = BusinessDetailViewController.swift; sourceTree = "<group>"; };
		571CE1B7214EC63F00656B88 /* BusinessReview.swift */ = {isa = PBXFileReference; lastKnownFileType = sourcecode.swift; path = BusinessReview.swift; sourceTree = "<group>"; };
		5730025821479D25001F8E22 /* BusinessCell.swift */ = {isa = PBXFileReference; lastKnownFileType = sourcecode.swift; path = BusinessCell.swift; sourceTree = "<group>"; };
		57FC0F23214736BE005DA84C /* BusinessesViewController.swift */ = {isa = PBXFileReference; lastKnownFileType = sourcecode.swift; path = BusinessesViewController.swift; sourceTree = "<group>"; };
		57FC0F25214739EF005DA84C /* APIKeysSample.swift */ = {isa = PBXFileReference; lastKnownFileType = sourcecode.swift; path = APIKeysSample.swift; sourceTree = "<group>"; };
		57FC0F2721473A08005DA84C /* APIKeys.swift */ = {isa = PBXFileReference; lastKnownFileType = sourcecode.swift; path = APIKeys.swift; sourceTree = "<group>"; };
		57FC0F2A21473F33005DA84C /* Business.swift */ = {isa = PBXFileReference; lastKnownFileType = sourcecode.swift; path = Business.swift; sourceTree = "<group>"; };
		ABBB233BFED7461594C1AD9F /* Pods_Yelp.framework */ = {isa = PBXFileReference; explicitFileType = wrapper.framework; includeInIndex = 0; path = Pods_Yelp.framework; sourceTree = BUILT_PRODUCTS_DIR; };
		B3255D6C0BF806F32BCC6598 /* Pods-Yelp.debug.xcconfig */ = {isa = PBXFileReference; includeInIndex = 1; lastKnownFileType = text.xcconfig; name = "Pods-Yelp.debug.xcconfig"; path = "Pods/Target Support Files/Pods-Yelp/Pods-Yelp.debug.xcconfig"; sourceTree = "<group>"; };
/* End PBXFileReference section */

/* Begin PBXFrameworksBuildPhase section */
		5707BCE2214735B40005D3BC /* Frameworks */ = {
			isa = PBXFrameworksBuildPhase;
			buildActionMask = 2147483647;
			files = (
				9EF82EAE5CA5F33803C5501B /* Pods_Yelp.framework in Frameworks */,
			);
			runOnlyForDeploymentPostprocessing = 0;
		};
/* End PBXFrameworksBuildPhase section */

/* Begin PBXGroup section */
		2FF1ECB54355121916BAE260 /* Pods */ = {
			isa = PBXGroup;
			children = (
				B3255D6C0BF806F32BCC6598 /* Pods-Yelp.debug.xcconfig */,
				12923B299E510DC67F12F73D /* Pods-Yelp.release.xcconfig */,
			);
			name = Pods;
			sourceTree = "<group>";
		};
		4B8170C0FF8DB4BCF14E20ED /* Frameworks */ = {
			isa = PBXGroup;
			children = (
				ABBB233BFED7461594C1AD9F /* Pods_Yelp.framework */,
			);
			name = Frameworks;
			sourceTree = "<group>";
		};
		5707BCDC214735B40005D3BC = {
			isa = PBXGroup;
			children = (
				5707BCE7214735B40005D3BC /* Yelp */,
				5707BCE6214735B40005D3BC /* Products */,
				2FF1ECB54355121916BAE260 /* Pods */,
				4B8170C0FF8DB4BCF14E20ED /* Frameworks */,
			);
			sourceTree = "<group>";
		};
		5707BCE6214735B40005D3BC /* Products */ = {
			isa = PBXGroup;
			children = (
				5707BCE5214735B40005D3BC /* Yelp.app */,
			);
			name = Products;
			sourceTree = "<group>";
		};
		5707BCE7214735B40005D3BC /* Yelp */ = {
			isa = PBXGroup;
			children = (
				5730025521479C8E001F8E22 /* Views */,
				57FC0F2921473F20005DA84C /* Models */,
				57FC0F222147365D005DA84C /* View Controllers */,
				5707BCEC214735B40005D3BC /* Main.storyboard */,
				5707BCE8214735B40005D3BC /* AppDelegate.swift */,
				5707BCEF214735B50005D3BC /* Assets.xcassets */,
				5707BCF1214735B50005D3BC /* LaunchScreen.storyboard */,
				5707BCF4214735B50005D3BC /* Info.plist */,
				57FC0F25214739EF005DA84C /* APIKeysSample.swift */,
				57FC0F2721473A08005DA84C /* APIKeys.swift */,
			);
			path = Yelp;
			sourceTree = "<group>";
		};
		5730025521479C8E001F8E22 /* Views */ = {
			isa = PBXGroup;
			children = (
				5730025821479D25001F8E22 /* BusinessCell.swift */,
				570FE53B21498DF1009B2ACC /* InfiniteScrollActivityView.swift */,
			);
			path = Views;
			sourceTree = "<group>";
		};
		57FC0F222147365D005DA84C /* View Controllers */ = {
			isa = PBXGroup;
			children = (
				57FC0F23214736BE005DA84C /* BusinessesViewController.swift */,
				57152591214DFC5100FCE195 /* MapViewController.swift */,
				57152593214E19C700FCE195 /* BusinessDetailViewController.swift */,
			);
			path = "View Controllers";
			sourceTree = "<group>";
		};
		57FC0F2921473F20005DA84C /* Models */ = {
			isa = PBXGroup;
			children = (
				57FC0F2A21473F33005DA84C /* Business.swift */,
				571CE1B7214EC63F00656B88 /* BusinessReview.swift */,
			);
			path = Models;
			sourceTree = "<group>";
		};
/* End PBXGroup section */

/* Begin PBXNativeTarget section */
		5707BCE4214735B40005D3BC /* Yelp */ = {
			isa = PBXNativeTarget;
			buildConfigurationList = 5707BCF7214735B50005D3BC /* Build configuration list for PBXNativeTarget "Yelp" */;
			buildPhases = (
				CA0326EF526070630141881C /* [CP] Check Pods Manifest.lock */,
				5707BCE1214735B40005D3BC /* Sources */,
				5707BCE2214735B40005D3BC /* Frameworks */,
				5707BCE3214735B40005D3BC /* Resources */,
				C4F37679C1800F4FA7099B22 /* [CP] Embed Pods Frameworks */,
			);
			buildRules = (
			);
			dependencies = (
			);
			name = Yelp;
			productName = Yelp;
			productReference = 5707BCE5214735B40005D3BC /* Yelp.app */;
			productType = "com.apple.product-type.application";
		};
/* End PBXNativeTarget section */

/* Begin PBXProject section */
		5707BCDD214735B40005D3BC /* Project object */ = {
			isa = PBXProject;
			attributes = {
				LastSwiftUpdateCheck = 0940;
				LastUpgradeCheck = 0940;
				ORGANIZATIONNAME = "Victor Li";
				TargetAttributes = {
					5707BCE4214735B40005D3BC = {
						CreatedOnToolsVersion = 9.4.1;
					};
				};
			};
			buildConfigurationList = 5707BCE0214735B40005D3BC /* Build configuration list for PBXProject "Yelp" */;
			compatibilityVersion = "Xcode 9.3";
			developmentRegion = en;
			hasScannedForEncodings = 0;
			knownRegions = (
				en,
				Base,
			);
			mainGroup = 5707BCDC214735B40005D3BC;
			productRefGroup = 5707BCE6214735B40005D3BC /* Products */;
			projectDirPath = "";
			projectRoot = "";
			targets = (
				5707BCE4214735B40005D3BC /* Yelp */,
			);
		};
/* End PBXProject section */

/* Begin PBXResourcesBuildPhase section */
		5707BCE3214735B40005D3BC /* Resources */ = {
			isa = PBXResourcesBuildPhase;
			buildActionMask = 2147483647;
			files = (
				5707BCF3214735B50005D3BC /* LaunchScreen.storyboard in Resources */,
				5707BCF0214735B50005D3BC /* Assets.xcassets in Resources */,
				5707BCEE214735B40005D3BC /* Main.storyboard in Resources */,
			);
			runOnlyForDeploymentPostprocessing = 0;
		};
/* End PBXResourcesBuildPhase section */

/* Begin PBXShellScriptBuildPhase section */
		C4F37679C1800F4FA7099B22 /* [CP] Embed Pods Frameworks */ = {
			isa = PBXShellScriptBuildPhase;
			buildActionMask = 2147483647;
			files = (
			);
			inputPaths = (
				"${SRCROOT}/Pods/Target Support Files/Pods-Yelp/Pods-Yelp-frameworks.sh",
				"${BUILT_PRODUCTS_DIR}/Alamofire/Alamofire.framework",
				"${BUILT_PRODUCTS_DIR}/AlamofireImage/AlamofireImage.framework",
				"${BUILT_PRODUCTS_DIR}/SwiftyJSON/SwiftyJSON.framework",
			);
			name = "[CP] Embed Pods Frameworks";
			outputPaths = (
				"${TARGET_BUILD_DIR}/${FRAMEWORKS_FOLDER_PATH}/Alamofire.framework",
				"${TARGET_BUILD_DIR}/${FRAMEWORKS_FOLDER_PATH}/AlamofireImage.framework",
				"${TARGET_BUILD_DIR}/${FRAMEWORKS_FOLDER_PATH}/SwiftyJSON.framework",
			);
			runOnlyForDeploymentPostprocessing = 0;
			shellPath = /bin/sh;
			shellScript = "\"${SRCROOT}/Pods/Target Support Files/Pods-Yelp/Pods-Yelp-frameworks.sh\"\n";
			showEnvVarsInLog = 0;
		};
		CA0326EF526070630141881C /* [CP] Check Pods Manifest.lock */ = {
			isa = PBXShellScriptBuildPhase;
			buildActionMask = 2147483647;
			files = (
			);
			inputPaths = (
				"${PODS_PODFILE_DIR_PATH}/Podfile.lock",
				"${PODS_ROOT}/Manifest.lock",
			);
			name = "[CP] Check Pods Manifest.lock";
			outputPaths = (
				"$(DERIVED_FILE_DIR)/Pods-Yelp-checkManifestLockResult.txt",
			);
			runOnlyForDeploymentPostprocessing = 0;
			shellPath = /bin/sh;
			shellScript = "diff \"${PODS_PODFILE_DIR_PATH}/Podfile.lock\" \"${PODS_ROOT}/Manifest.lock\" > /dev/null\nif [ $? != 0 ] ; then\n    # print error to STDERR\n    echo \"error: The sandbox is not in sync with the Podfile.lock. Run 'pod install' or update your CocoaPods installation.\" >&2\n    exit 1\nfi\n# This output is used by Xcode 'outputs' to avoid re-running this script phase.\necho \"SUCCESS\" > \"${SCRIPT_OUTPUT_FILE_0}\"\n";
			showEnvVarsInLog = 0;
		};
/* End PBXShellScriptBuildPhase section */

/* Begin PBXSourcesBuildPhase section */
		5707BCE1214735B40005D3BC /* Sources */ = {
			isa = PBXSourcesBuildPhase;
			buildActionMask = 2147483647;
			files = (
				57152594214E19C700FCE195 /* BusinessDetailViewController.swift in Sources */,
				57FC0F26214739EF005DA84C /* APIKeysSample.swift in Sources */,
				570FE53C21498DF1009B2ACC /* InfiniteScrollActivityView.swift in Sources */,
				57FC0F24214736BE005DA84C /* BusinessesViewController.swift in Sources */,
				57FC0F2821473A08005DA84C /* APIKeys.swift in Sources */,
				57FC0F2B21473F33005DA84C /* Business.swift in Sources */,
				5707BCE9214735B40005D3BC /* AppDelegate.swift in Sources */,
				5730025921479D25001F8E22 /* BusinessCell.swift in Sources */,
				57152592214DFC5100FCE195 /* MapViewController.swift in Sources */,
				571CE1B8214EC63F00656B88 /* BusinessReview.swift in Sources */,
			);
			runOnlyForDeploymentPostprocessing = 0;
		};
/* End PBXSourcesBuildPhase section */

/* Begin PBXVariantGroup section */
		5707BCEC214735B40005D3BC /* Main.storyboard */ = {
			isa = PBXVariantGroup;
			children = (
				5707BCED214735B40005D3BC /* Base */,
			);
			name = Main.storyboard;
			sourceTree = "<group>";
		};
		5707BCF1214735B50005D3BC /* LaunchScreen.storyboard */ = {
			isa = PBXVariantGroup;
			children = (
				5707BCF2214735B50005D3BC /* Base */,
			);
			name = LaunchScreen.storyboard;
			sourceTree = "<group>";
		};
/* End PBXVariantGroup section */

/* Begin XCBuildConfiguration section */
		5707BCF5214735B50005D3BC /* Debug */ = {
			isa = XCBuildConfiguration;
			buildSettings = {
				ALWAYS_SEARCH_USER_PATHS = NO;
				CLANG_ANALYZER_NONNULL = YES;
				CLANG_ANALYZER_NUMBER_OBJECT_CONVERSION = YES_AGGRESSIVE;
				CLANG_CXX_LANGUAGE_STANDARD = "gnu++14";
				CLANG_CXX_LIBRARY = "libc++";
				CLANG_ENABLE_MODULES = YES;
				CLANG_ENABLE_OBJC_ARC = YES;
				CLANG_ENABLE_OBJC_WEAK = YES;
				CLANG_WARN_BLOCK_CAPTURE_AUTORELEASING = YES;
				CLANG_WARN_BOOL_CONVERSION = YES;
				CLANG_WARN_COMMA = YES;
				CLANG_WARN_CONSTANT_CONVERSION = YES;
				CLANG_WARN_DEPRECATED_OBJC_IMPLEMENTATIONS = YES;
				CLANG_WARN_DIRECT_OBJC_ISA_USAGE = YES_ERROR;
				CLANG_WARN_DOCUMENTATION_COMMENTS = YES;
				CLANG_WARN_EMPTY_BODY = YES;
				CLANG_WARN_ENUM_CONVERSION = YES;
				CLANG_WARN_INFINITE_RECURSION = YES;
				CLANG_WARN_INT_CONVERSION = YES;
				CLANG_WARN_NON_LITERAL_NULL_CONVERSION = YES;
				CLANG_WARN_OBJC_IMPLICIT_RETAIN_SELF = YES;
				CLANG_WARN_OBJC_LITERAL_CONVERSION = YES;
				CLANG_WARN_OBJC_ROOT_CLASS = YES_ERROR;
				CLANG_WARN_RANGE_LOOP_ANALYSIS = YES;
				CLANG_WARN_STRICT_PROTOTYPES = YES;
				CLANG_WARN_SUSPICIOUS_MOVE = YES;
				CLANG_WARN_UNGUARDED_AVAILABILITY = YES_AGGRESSIVE;
				CLANG_WARN_UNREACHABLE_CODE = YES;
				CLANG_WARN__DUPLICATE_METHOD_MATCH = YES;
				CODE_SIGN_IDENTITY = "iPhone Developer";
				COPY_PHASE_STRIP = NO;
				DEBUG_INFORMATION_FORMAT = dwarf;
				ENABLE_STRICT_OBJC_MSGSEND = YES;
				ENABLE_TESTABILITY = YES;
				GCC_C_LANGUAGE_STANDARD = gnu11;
				GCC_DYNAMIC_NO_PIC = NO;
				GCC_NO_COMMON_BLOCKS = YES;
				GCC_OPTIMIZATION_LEVEL = 0;
				GCC_PREPROCESSOR_DEFINITIONS = (
					"DEBUG=1",
					"$(inherited)",
				);
				GCC_WARN_64_TO_32_BIT_CONVERSION = YES;
				GCC_WARN_ABOUT_RETURN_TYPE = YES_ERROR;
				GCC_WARN_UNDECLARED_SELECTOR = YES;
				GCC_WARN_UNINITIALIZED_AUTOS = YES_AGGRESSIVE;
				GCC_WARN_UNUSED_FUNCTION = YES;
				GCC_WARN_UNUSED_VARIABLE = YES;
				IPHONEOS_DEPLOYMENT_TARGET = 11.4;
				MTL_ENABLE_DEBUG_INFO = YES;
				ONLY_ACTIVE_ARCH = YES;
				SDKROOT = iphoneos;
				SWIFT_ACTIVE_COMPILATION_CONDITIONS = DEBUG;
				SWIFT_OPTIMIZATION_LEVEL = "-Onone";
			};
			name = Debug;
		};
		5707BCF6214735B50005D3BC /* Release */ = {
			isa = XCBuildConfiguration;
			buildSettings = {
				ALWAYS_SEARCH_USER_PATHS = NO;
				CLANG_ANALYZER_NONNULL = YES;
				CLANG_ANALYZER_NUMBER_OBJECT_CONVERSION = YES_AGGRESSIVE;
				CLANG_CXX_LANGUAGE_STANDARD = "gnu++14";
				CLANG_CXX_LIBRARY = "libc++";
				CLANG_ENABLE_MODULES = YES;
				CLANG_ENABLE_OBJC_ARC = YES;
				CLANG_ENABLE_OBJC_WEAK = YES;
				CLANG_WARN_BLOCK_CAPTURE_AUTORELEASING = YES;
				CLANG_WARN_BOOL_CONVERSION = YES;
				CLANG_WARN_COMMA = YES;
				CLANG_WARN_CONSTANT_CONVERSION = YES;
				CLANG_WARN_DEPRECATED_OBJC_IMPLEMENTATIONS = YES;
				CLANG_WARN_DIRECT_OBJC_ISA_USAGE = YES_ERROR;
				CLANG_WARN_DOCUMENTATION_COMMENTS = YES;
				CLANG_WARN_EMPTY_BODY = YES;
				CLANG_WARN_ENUM_CONVERSION = YES;
				CLANG_WARN_INFINITE_RECURSION = YES;
				CLANG_WARN_INT_CONVERSION = YES;
				CLANG_WARN_NON_LITERAL_NULL_CONVERSION = YES;
				CLANG_WARN_OBJC_IMPLICIT_RETAIN_SELF = YES;
				CLANG_WARN_OBJC_LITERAL_CONVERSION = YES;
				CLANG_WARN_OBJC_ROOT_CLASS = YES_ERROR;
				CLANG_WARN_RANGE_LOOP_ANALYSIS = YES;
				CLANG_WARN_STRICT_PROTOTYPES = YES;
				CLANG_WARN_SUSPICIOUS_MOVE = YES;
				CLANG_WARN_UNGUARDED_AVAILABILITY = YES_AGGRESSIVE;
				CLANG_WARN_UNREACHABLE_CODE = YES;
				CLANG_WARN__DUPLICATE_METHOD_MATCH = YES;
				CODE_SIGN_IDENTITY = "iPhone Developer";
				COPY_PHASE_STRIP = NO;
				DEBUG_INFORMATION_FORMAT = "dwarf-with-dsym";
				ENABLE_NS_ASSERTIONS = NO;
				ENABLE_STRICT_OBJC_MSGSEND = YES;
				GCC_C_LANGUAGE_STANDARD = gnu11;
				GCC_NO_COMMON_BLOCKS = YES;
				GCC_WARN_64_TO_32_BIT_CONVERSION = YES;
				GCC_WARN_ABOUT_RETURN_TYPE = YES_ERROR;
				GCC_WARN_UNDECLARED_SELECTOR = YES;
				GCC_WARN_UNINITIALIZED_AUTOS = YES_AGGRESSIVE;
				GCC_WARN_UNUSED_FUNCTION = YES;
				GCC_WARN_UNUSED_VARIABLE = YES;
				IPHONEOS_DEPLOYMENT_TARGET = 11.4;
				MTL_ENABLE_DEBUG_INFO = NO;
				SDKROOT = iphoneos;
				SWIFT_COMPILATION_MODE = wholemodule;
				SWIFT_OPTIMIZATION_LEVEL = "-O";
				VALIDATE_PRODUCT = YES;
			};
			name = Release;
		};
		5707BCF8214735B50005D3BC /* Debug */ = {
			isa = XCBuildConfiguration;
			baseConfigurationReference = B3255D6C0BF806F32BCC6598 /* Pods-Yelp.debug.xcconfig */;
			buildSettings = {
				ASSETCATALOG_COMPILER_APPICON_NAME = AppIcon;
				CODE_SIGN_STYLE = Automatic;
				DEVELOPMENT_TEAM = 642L4VF2C9;
				INFOPLIST_FILE = Yelp/Info.plist;
				LD_RUNPATH_SEARCH_PATHS = (
					"$(inherited)",
					"@executable_path/Frameworks",
				);
				PRODUCT_BUNDLE_IDENTIFIER = com.example.Yelp;
				PRODUCT_NAME = "$(TARGET_NAME)";
				SWIFT_VERSION = 4.0;
				TARGETED_DEVICE_FAMILY = "1,2";
			};
			name = Debug;
		};
		5707BCF9214735B50005D3BC /* Release */ = {
			isa = XCBuildConfiguration;
			baseConfigurationReference = 12923B299E510DC67F12F73D /* Pods-Yelp.release.xcconfig */;
			buildSettings = {
				ASSETCATALOG_COMPILER_APPICON_NAME = AppIcon;
				CODE_SIGN_STYLE = Automatic;
				DEVELOPMENT_TEAM = 642L4VF2C9;
				INFOPLIST_FILE = Yelp/Info.plist;
				LD_RUNPATH_SEARCH_PATHS = (
					"$(inherited)",
					"@executable_path/Frameworks",
				);
				PRODUCT_BUNDLE_IDENTIFIER = com.example.Yelp;
				PRODUCT_NAME = "$(TARGET_NAME)";
				SWIFT_VERSION = 4.0;
				TARGETED_DEVICE_FAMILY = "1,2";
			};
			name = Release;
		};
/* End XCBuildConfiguration section */

/* Begin XCConfigurationList section */
		5707BCE0214735B40005D3BC /* Build configuration list for PBXProject "Yelp" */ = {
			isa = XCConfigurationList;
			buildConfigurations = (
				5707BCF5214735B50005D3BC /* Debug */,
				5707BCF6214735B50005D3BC /* Release */,
			);
			defaultConfigurationIsVisible = 0;
			defaultConfigurationName = Release;
		};
		5707BCF7214735B50005D3BC /* Build configuration list for PBXNativeTarget "Yelp" */ = {
			isa = XCConfigurationList;
			buildConfigurations = (
				5707BCF8214735B50005D3BC /* Debug */,
				5707BCF9214735B50005D3BC /* Release */,
			);
			defaultConfigurationIsVisible = 0;
			defaultConfigurationName = Release;
		};
/* End XCConfigurationList section */
	};
	rootObject = 5707BCDD214735B40005D3BC /* Project object */;
}
